
Microsoft Visual Studio Solution File, Format Version 12.00
# Visual Studio Version 17
VisualStudioVersion = 17.7.34024.191
MinimumVisualStudioVersion = 10.0.40219.1
Project("{9A19103F-16F7-4668-BE54-9A1E7A4F7556}") = "Lab_1", "Lab_1.csproj", "{FCFFA59E-C0E7-4E80-A6D2-77B779804D55}"
EndProject
Global
	GlobalSection(SolutionConfigurationPlatforms) = preSolution
		Debug|Any CPU = Debug|Any CPU
		Release|Any CPU = Release|Any CPU
	EndGlobalSection
	GlobalSection(ProjectConfigurationPlatforms) = postSolution
		{FCFFA59E-C0E7-4E80-A6D2-77B779804D55}.Debug|Any CPU.ActiveCfg = Debug|Any CPU
		{FCFFA59E-C0E7-4E80-A6D2-77B779804D55}.Debug|Any CPU.Build.0 = Debug|Any CPU
		{FCFFA59E-C0E7-4E80-A6D2-77B779804D55}.Release|Any CPU.ActiveCfg = Release|Any CPU
		{FCFFA59E-C0E7-4E80-A6D2-77B779804D55}.Release|Any CPU.Build.0 = Release|Any CPU
	EndGlobalSection
	GlobalSection(SolutionProperties) = preSolution
		HideSolutionNode = FALSE
	EndGlobalSection
	GlobalSection(ExtensibilityGlobals) = postSolution
		SolutionGuid = {1FA691A7-E8BB-4072-85BA-7416A4D217D3}
	EndGlobalSection
EndGlobal
